// !$*UTF8*$!
{
	archiveVersion = 1;
	classes = {
	};
	objectVersion = 50;
	objects = {

/* Begin PBXBuildFile section */
		E99DCFFC2630004900C123CB /* AppDelegate.swift in Sources */ = {isa = PBXBuildFile; fileRef = E99DCFFB2630004900C123CB /* AppDelegate.swift */; };
		E99DCFFE2630004900C123CB /* SceneDelegate.swift in Sources */ = {isa = PBXBuildFile; fileRef = E99DCFFD2630004900C123CB /* SceneDelegate.swift */; };
		E99DD0002630004900C123CB /* ContentView.swift in Sources */ = {isa = PBXBuildFile; fileRef = E99DCFFF2630004900C123CB /* ContentView.swift */; };
		E99DD0022630004C00C123CB /* Assets.xcassets in Resources */ = {isa = PBXBuildFile; fileRef = E99DD0012630004C00C123CB /* Assets.xcassets */; };
		E99DD0052630004C00C123CB /* Preview Assets.xcassets in Resources */ = {isa = PBXBuildFile; fileRef = E99DD0042630004C00C123CB /* Preview Assets.xcassets */; };
		E99DD0082630004C00C123CB /* LaunchScreen.storyboard in Resources */ = {isa = PBXBuildFile; fileRef = E99DD0062630004C00C123CB /* LaunchScreen.storyboard */; };
		E99DD0122630011000C123CB /* TempatList.swift in Sources */ = {isa = PBXBuildFile; fileRef = E99DD0112630011000C123CB /* TempatList.swift */; };
		E99DD0162630012A00C123CB /* TempatRow.swift in Sources */ = {isa = PBXBuildFile; fileRef = E99DD0152630012A00C123CB /* TempatRow.swift */; };
		E99DD0192630015400C123CB /* About.swift in Sources */ = {isa = PBXBuildFile; fileRef = E99DD0182630015400C123CB /* About.swift */; };
		E99DD01D2630017200C123CB /* graduation.swift in Sources */ = {isa = PBXBuildFile; fileRef = E99DD01C2630017200C123CB /* graduation.swift */; };
		E99DD0202630018400C123CB /* TempatDetail.swift in Sources */ = {isa = PBXBuildFile; fileRef = E99DD01F2630018400C123CB /* TempatDetail.swift */; };
		E99DD024263003A100C123CB /* Tempat.swift in Sources */ = {isa = PBXBuildFile; fileRef = E99DD023263003A100C123CB /* Tempat.swift */; };
		E99DD027263003D400C123CB /* DummyTempates.swift in Sources */ = {isa = PBXBuildFile; fileRef = E99DD026263003D400C123CB /* DummyTempates.swift */; };
/* End PBXBuildFile section */

/* Begin PBXFileReference section */
		E99DCFF82630004900C123CB /* Tempat List APP.app */ = {isa = PBXFileReference; explicitFileType = wrapper.application; includeInIndex = 0; path = "Tempat List APP.app"; sourceTree = BUILT_PRODUCTS_DIR; };
		E99DCFFB2630004900C123CB /* AppDelegate.swift */ = {isa = PBXFileReference; lastKnownFileType = sourcecode.swift; path = AppDelegate.swift; sourceTree = "<group>"; };
		E99DCFFD2630004900C123CB /* SceneDelegate.swift */ = {isa = PBXFileReference; lastKnownFileType = sourcecode.swift; path = SceneDelegate.swift; sourceTree = "<group>"; };
		E99DCFFF2630004900C123CB /* ContentView.swift */ = {isa = PBXFileReference; lastKnownFileType = sourcecode.swift; path = ContentView.swift; sourceTree = "<group>"; };
		E99DD0012630004C00C123CB /* Assets.xcassets */ = {isa = PBXFileReference; lastKnownFileType = folder.assetcatalog; path = Assets.xcassets; sourceTree = "<group>"; };
		E99DD0042630004C00C123CB /* Preview Assets.xcassets */ = {isa = PBXFileReference; lastKnownFileType = folder.assetcatalog; path = "Preview Assets.xcassets"; sourceTree = "<group>"; };
		E99DD0072630004C00C123CB /* Base */ = {isa = PBXFileReference; lastKnownFileType = file.storyboard; name = Base; path = Base.lproj/LaunchScreen.storyboard; sourceTree = "<group>"; };
		E99DD0092630004C00C123CB /* Info.plist */ = {isa = PBXFileReference; lastKnownFileType = text.plist.xml; path = Info.plist; sourceTree = "<group>"; };
		E99DD0112630011000C123CB /* TempatList.swift */ = {isa = PBXFileReference; lastKnownFileType = sourcecode.swift; path = TempatList.swift; sourceTree = "<group>"; };
		E99DD0152630012A00C123CB /* TempatRow.swift */ = {isa = PBXFileReference; lastKnownFileType = sourcecode.swift; path = TempatRow.swift; sourceTree = "<group>"; };
		E99DD0182630015400C123CB /* About.swift */ = {isa = PBXFileReference; lastKnownFileType = sourcecode.swift; path = About.swift; sourceTree = "<group>"; };
		E99DD01C2630017200C123CB /* graduation.swift */ = {isa = PBXFileReference; lastKnownFileType = sourcecode.swift; path = graduation.swift; sourceTree = "<group>"; };
		E99DD01F2630018400C123CB /* TempatDetail.swift */ = {isa = PBXFileReference; lastKnownFileType = sourcecode.swift; path = TempatDetail.swift; sourceTree = "<group>"; };
		E99DD023263003A100C123CB /* Tempat.swift */ = {isa = PBXFileReference; lastKnownFileType = sourcecode.swift; path = Tempat.swift; sourceTree = "<group>"; };
		E99DD026263003D400C123CB /* DummyTempates.swift */ = {isa = PBXFileReference; lastKnownFileType = sourcecode.swift; path = DummyTempates.swift; sourceTree = "<group>"; };
/* End PBXFileReference section */

/* Begin PBXFrameworksBuildPhase section */
		E99DCFF52630004900C123CB /* Frameworks */ = {
			isa = PBXFrameworksBuildPhase;
			buildActionMask = 2147483647;
			files = (
			);
			runOnlyForDeploymentPostprocessing = 0;
		};
/* End PBXFrameworksBuildPhase section */

/* Begin PBXGroup section */
		E99DCFEF2630004900C123CB = {
			isa = PBXGroup;
			children = (
				E99DCFFA2630004900C123CB /* Tempat List APP */,
				E99DCFF92630004900C123CB /* Products */,
			);
			sourceTree = "<group>";
		};
		E99DCFF92630004900C123CB /* Products */ = {
			isa = PBXGroup;
			children = (
				E99DCFF82630004900C123CB /* Tempat List APP.app */,
			);
			name = Products;
			sourceTree = "<group>";
		};
		E99DCFFA2630004900C123CB /* Tempat List APP */ = {
			isa = PBXGroup;
			children = (
				E99DD010263000F800C123CB /* View */,
				E99DCFFB2630004900C123CB /* AppDelegate.swift */,
				E99DCFFD2630004900C123CB /* SceneDelegate.swift */,
				E99DD0012630004C00C123CB /* Assets.xcassets */,
				E99DD0062630004C00C123CB /* LaunchScreen.storyboard */,
				E99DD0092630004C00C123CB /* Info.plist */,
				E99DD0032630004C00C123CB /* Preview Content */,
			);
			path = "Tempat List APP";
			sourceTree = "<group>";
		};
		E99DD0032630004C00C123CB /* Preview Content */ = {
			isa = PBXGroup;
			children = (
				E99DD0042630004C00C123CB /* Preview Assets.xcassets */,
			);
			path = "Preview Content";
			sourceTree = "<group>";
		};
		E99DD010263000F800C123CB /* View */ = {
			isa = PBXGroup;
			children = (
				E99DCFFF2630004900C123CB /* ContentView.swift */,
				E99DD0152630012A00C123CB /* TempatRow.swift */,
				E99DD0182630015400C123CB /* About.swift */,
				E99DD01C2630017200C123CB /* graduation.swift */,
				E99DD01F2630018400C123CB /* TempatDetail.swift */,
				E99DD0112630011000C123CB /* TempatList.swift */,
				E99DD0222630037200C123CB /* Model */,
			);
			path = View;
			sourceTree = "<group>";
		};
		E99DD0222630037200C123CB /* Model */ = {
			isa = PBXGroup;
			children = (
				E99DD023263003A100C123CB /* Tempat.swift */,
				E99DD026263003D400C123CB /* DummyTempates.swift */,
			);
			path = Model;
			sourceTree = "<group>";
		};
/* End PBXGroup section */

/* Begin PBXNativeTarget section */
		E99DCFF72630004900C123CB /* Tempat List APP */ = {
			isa = PBXNativeTarget;
			buildConfigurationList = E99DD00C2630004C00C123CB /* Build configuration list for PBXNativeTarget "Tempat List APP" */;
			buildPhases = (
				E99DCFF42630004900C123CB /* Sources */,
				E99DCFF52630004900C123CB /* Frameworks */,
				E99DCFF62630004900C123CB /* Resources */,
			);
			buildRules = (
			);
			dependencies = (
			);
			name = "Tempat List APP";
			productName = "Tempat List APP";
			productReference = E99DCFF82630004900C123CB /* Tempat List APP.app */;
			productType = "com.apple.product-type.application";
		};
/* End PBXNativeTarget section */

/* Begin PBXProject section */
		E99DCFF02630004900C123CB /* Project object */ = {
			isa = PBXProject;
			attributes = {
				LastSwiftUpdateCheck = 1240;
				LastUpgradeCheck = 1240;
				TargetAttributes = {
					E99DCFF72630004900C123CB = {
						CreatedOnToolsVersion = 12.4;
					};
				};
			};
			buildConfigurationList = E99DCFF32630004900C123CB /* Build configuration list for PBXProject "Tempat List APP" */;
			compatibilityVersion = "Xcode 9.3";
			developmentRegion = en;
			hasScannedForEncodings = 0;
			knownRegions = (
				en,
				Base,
			);
			mainGroup = E99DCFEF2630004900C123CB;
			productRefGroup = E99DCFF92630004900C123CB /* Products */;
			projectDirPath = "";
			projectRoot = "";
			targets = (
				E99DCFF72630004900C123CB /* Tempat List APP */,
			);
		};
/* End PBXProject section */

/* Begin PBXResourcesBuildPhase section */
		E99DCFF62630004900C123CB /* Resources */ = {
			isa = PBXResourcesBuildPhase;
			buildActionMask = 2147483647;
			files = (
				E99DD0082630004C00C123CB /* LaunchScreen.storyboard in Resources */,
				E99DD0052630004C00C123CB /* Preview Assets.xcassets in Resources */,
				E99DD0022630004C00C123CB /* Assets.xcassets in Resources */,
			);
			runOnlyForDeploymentPostprocessing = 0;
		};
/* End PBXResourcesBuildPhase section */

/* Begin PBXSourcesBuildPhase section */
		E99DCFF42630004900C123CB /* Sources */ = {
			isa = PBXSourcesBuildPhase;
			buildActionMask = 2147483647;
			files = (
				E99DCFFC2630004900C123CB /* AppDelegate.swift in Sources */,
				E99DD027263003D400C123CB /* DummyTempates.swift in Sources */,
				E99DD0192630015400C123CB /* About.swift in Sources */,
				E99DCFFE2630004900C123CB /* SceneDelegate.swift in Sources */,
				E99DD0202630018400C123CB /* TempatDetail.swift in Sources */,
				E99DD0122630011000C123CB /* TempatList.swift in Sources */,
				E99DD0162630012A00C123CB /* TempatRow.swift in Sources */,
				E99DD024263003A100C123CB /* Tempat.swift in Sources */,
				E99DD0002630004900C123CB /* ContentView.swift in Sources */,
				E99DD01D2630017200C123CB /* graduation.swift in Sources */,
			);
			runOnlyForDeploymentPostprocessing = 0;
		};
/* End PBXSourcesBuildPhase section */

/* Begin PBXVariantGroup section */
		E99DD0062630004C00C123CB /* LaunchScreen.storyboard */ = {
			isa = PBXVariantGroup;
			children = (
				E99DD0072630004C00C123CB /* Base */,
			);
			name = LaunchScreen.storyboard;
			sourceTree = "<group>";
		};
/* End PBXVariantGroup section */

/* Begin XCBuildConfiguration section */
		E99DD00A2630004C00C123CB /* Debug */ = {
			isa = XCBuildConfiguration;
			buildSettings = {
				ALWAYS_SEARCH_USER_PATHS = NO;
				CLANG_ANALYZER_NONNULL = YES;
				CLANG_ANALYZER_NUMBER_OBJECT_CONVERSION = YES_AGGRESSIVE;
				CLANG_CXX_LANGUAGE_STANDARD = "gnu++14";
				CLANG_CXX_LIBRARY = "libc++";
				CLANG_ENABLE_MODULES = YES;
				CLANG_ENABLE_OBJC_ARC = YES;
				CLANG_ENABLE_OBJC_WEAK = YES;
				CLANG_WARN_BLOCK_CAPTURE_AUTORELEASING = YES;
				CLANG_WARN_BOOL_CONVERSION = YES;
				CLANG_WARN_COMMA = YES;
				CLANG_WARN_CONSTANT_CONVERSION = YES;
				CLANG_WARN_DEPRECATED_OBJC_IMPLEMENTATIONS = YES;
				CLANG_WARN_DIRECT_OBJC_ISA_USAGE = YES_ERROR;
				CLANG_WARN_DOCUMENTATION_COMMENTS = YES;
				CLANG_WARN_EMPTY_BODY = YES;
				CLANG_WARN_ENUM_CONVERSION = YES;
				CLANG_WARN_INFINITE_RECURSION = YES;
				CLANG_WARN_INT_CONVERSION = YES;
				CLANG_WARN_NON_LITERAL_NULL_CONVERSION = YES;
				CLANG_WARN_OBJC_IMPLICIT_RETAIN_SELF = YES;
				CLANG_WARN_OBJC_LITERAL_CONVERSION = YES;
				CLANG_WARN_OBJC_ROOT_CLASS = YES_ERROR;
				CLANG_WARN_QUOTED_INCLUDE_IN_FRAMEWORK_HEADER = YES;
				CLANG_WARN_RANGE_LOOP_ANALYSIS = YES;
				CLANG_WARN_STRICT_PROTOTYPES = YES;
				CLANG_WARN_SUSPICIOUS_MOVE = YES;
				CLANG_WARN_UNGUARDED_AVAILABILITY = YES_AGGRESSIVE;
				CLANG_WARN_UNREACHABLE_CODE = YES;
				CLANG_WARN__DUPLICATE_METHOD_MATCH = YES;
				COPY_PHASE_STRIP = NO;
				DEBUG_INFORMATION_FORMAT = dwarf;
				ENABLE_STRICT_OBJC_MSGSEND = YES;
				ENABLE_TESTABILITY = YES;
				GCC_C_LANGUAGE_STANDARD = gnu11;
				GCC_DYNAMIC_NO_PIC = NO;
				GCC_NO_COMMON_BLOCKS = YES;
				GCC_OPTIMIZATION_LEVEL = 0;
				GCC_PREPROCESSOR_DEFINITIONS = (
					"DEBUG=1",
					"$(inherited)",
				);
				GCC_WARN_64_TO_32_BIT_CONVERSION = YES;
				GCC_WARN_ABOUT_RETURN_TYPE = YES_ERROR;
				GCC_WARN_UNDECLARED_SELECTOR = YES;
				GCC_WARN_UNINITIALIZED_AUTOS = YES_AGGRESSIVE;
				GCC_WARN_UNUSED_FUNCTION = YES;
				GCC_WARN_UNUSED_VARIABLE = YES;
				IPHONEOS_DEPLOYMENT_TARGET = 14.4;
				MTL_ENABLE_DEBUG_INFO = INCLUDE_SOURCE;
				MTL_FAST_MATH = YES;
				ONLY_ACTIVE_ARCH = YES;
				SDKROOT = iphoneos;
				SWIFT_ACTIVE_COMPILATION_CONDITIONS = DEBUG;
				SWIFT_OPTIMIZATION_LEVEL = "-Onone";
			};
			name = Debug;
		};
		E99DD00B2630004C00C123CB /* Release */ = {
			isa = XCBuildConfiguration;
			buildSettings = {
				ALWAYS_SEARCH_USER_PATHS = NO;
				CLANG_ANALYZER_NONNULL = YES;
				CLANG_ANALYZER_NUMBER_OBJECT_CONVERSION = YES_AGGRESSIVE;
				CLANG_CXX_LANGUAGE_STANDARD = "gnu++14";
				CLANG_CXX_LIBRARY = "libc++";
				CLANG_ENABLE_MODULES = YES;
				CLANG_ENABLE_OBJC_ARC = YES;
				CLANG_ENABLE_OBJC_WEAK = YES;
				CLANG_WARN_BLOCK_CAPTURE_AUTORELEASING = YES;
				CLANG_WARN_BOOL_CONVERSION = YES;
				CLANG_WARN_COMMA = YES;
				CLANG_WARN_CONSTANT_CONVERSION = YES;
				CLANG_WARN_DEPRECATED_OBJC_IMPLEMENTATIONS = YES;
				CLANG_WARN_DIRECT_OBJC_ISA_USAGE = YES_ERROR;
				CLANG_WARN_DOCUMENTATION_COMMENTS = YES;
				CLANG_WARN_EMPTY_BODY = YES;
				CLANG_WARN_ENUM_CONVERSION = YES;
				CLANG_WARN_INFINITE_RECURSION = YES;
				CLANG_WARN_INT_CONVERSION = YES;
				CLANG_WARN_NON_LITERAL_NULL_CONVERSION = YES;
				CLANG_WARN_OBJC_IMPLICIT_RETAIN_SELF = YES;
				CLANG_WARN_OBJC_LITERAL_CONVERSION = YES;
				CLANG_WARN_OBJC_ROOT_CLASS = YES_ERROR;
				CLANG_WARN_QUOTED_INCLUDE_IN_FRAMEWORK_HEADER = YES;
				CLANG_WARN_RANGE_LOOP_ANALYSIS = YES;
				CLANG_WARN_STRICT_PROTOTYPES = YES;
				CLANG_WARN_SUSPICIOUS_MOVE = YES;
				CLANG_WARN_UNGUARDED_AVAILABILITY = YES_AGGRESSIVE;
				CLANG_WARN_UNREACHABLE_CODE = YES;
				CLANG_WARN__DUPLICATE_METHOD_MATCH = YES;
				COPY_PHASE_STRIP = NO;
				DEBUG_INFORMATION_FORMAT = "dwarf-with-dsym";
				ENABLE_NS_ASSERTIONS = NO;
				ENABLE_STRICT_OBJC_MSGSEND = YES;
				GCC_C_LANGUAGE_STANDARD = gnu11;
				GCC_NO_COMMON_BLOCKS = YES;
				GCC_WARN_64_TO_32_BIT_CONVERSION = YES;
				GCC_WARN_ABOUT_RETURN_TYPE = YES_ERROR;
				GCC_WARN_UNDECLARED_SELECTOR = YES;
				GCC_WARN_UNINITIALIZED_AUTOS = YES_AGGRESSIVE;
				GCC_WARN_UNUSED_FUNCTION = YES;
				GCC_WARN_UNUSED_VARIABLE = YES;
				IPHONEOS_DEPLOYMENT_TARGET = 14.4;
				MTL_ENABLE_DEBUG_INFO = NO;
				MTL_FAST_MATH = YES;
				SDKROOT = iphoneos;
				SWIFT_COMPILATION_MODE = wholemodule;
				SWIFT_OPTIMIZATION_LEVEL = "-O";
				VALIDATE_PRODUCT = YES;
			};
			name = Release;
		};
		E99DD00D2630004C00C123CB /* Debug */ = {
			isa = XCBuildConfiguration;
			buildSettings = {
				ASSETCATALOG_COMPILER_APPICON_NAME = AppIcon;
				ASSETCATALOG_COMPILER_GLOBAL_ACCENT_COLOR_NAME = AccentColor;
				CODE_SIGN_STYLE = Automatic;
				DEVELOPMENT_ASSET_PATHS = "\"Tempat List APP/Preview Content\"";
				ENABLE_PREVIEWS = YES;
				INFOPLIST_FILE = "Tempat List APP/Info.plist";
				IPHONEOS_DEPLOYMENT_TARGET = 14.0;
				LD_RUNPATH_SEARCH_PATHS = (
					"$(inherited)",
					"@executable_path/Frameworks",
				);
				PRODUCT_BUNDLE_IDENTIFIER = "RPL-A.Tempat-List-APP";
				PRODUCT_NAME = "$(TARGET_NAME)";
				SWIFT_VERSION = 5.0;
				TARGETED_DEVICE_FAMILY = "1,2";
			};
			name = Debug;
		};
		E99DD00E2630004C00C123CB /* Release */ = {
			isa = XCBuildConfiguration;
			buildSettings = {
				ASSETCATALOG_COMPILER_APPICON_NAME = AppIcon;
				ASSETCATALOG_COMPILER_GLOBAL_ACCENT_COLOR_NAME = AccentColor;
				CODE_SIGN_STYLE = Automatic;
				DEVELOPMENT_ASSET_PATHS = "\"Tempat List APP/Preview Content\"";
				ENABLE_PREVIEWS = YES;
				INFOPLIST_FILE = "Tempat List APP/Info.plist";
				IPHONEOS_DEPLOYMENT_TARGET = 14.0;
				LD_RUNPATH_SEARCH_PATHS = (
					"$(inherited)",
					"@executable_path/Frameworks",
				);
				PRODUCT_BUNDLE_IDENTIFIER = "RPL-A.Tempat-List-APP";
				PRODUCT_NAME = "$(TARGET_NAME)";
				SWIFT_VERSION = 5.0;
				TARGETED_DEVICE_FAMILY = "1,2";
			};
			name = Release;
		};
/* End XCBuildConfiguration section */

/* Begin XCConfigurationList section */
		E99DCFF32630004900C123CB /* Build configuration list for PBXProject "Tempat List APP" */ = {
			isa = XCConfigurationList;
			buildConfigurations = (
				E99DD00A2630004C00C123CB /* Debug */,
				E99DD00B2630004C00C123CB /* Release */,
			);
			defaultConfigurationIsVisible = 0;
			defaultConfigurationName = Release;
		};
		E99DD00C2630004C00C123CB /* Build configuration list for PBXNativeTarget "Tempat List APP" */ = {
			isa = XCConfigurationList;
			buildConfigurations = (
				E99DD00D2630004C00C123CB /* Debug */,
				E99DD00E2630004C00C123CB /* Release */,
			);
			defaultConfigurationIsVisible = 0;
			defaultConfigurationName = Release;
		};
/* End XCConfigurationList section */
	};
	rootObject = E99DCFF02630004900C123CB /* Project object */;
}
